
Microsoft Visual Studio Solution File, Format Version 12.00
# Visual Studio Version 16
VisualStudioVersion = 16.0.30503.244
MinimumVisualStudioVersion = 10.0.40219.1
Project("{FAE04EC0-301F-11D3-BF4B-00C04F79EFBC}") = "MyPasswords.Entities", "MyPasswords.Entities\MyPasswords.Entities.csproj", "{88A4A46B-BA49-4522-9090-FAEE4C48527F}"
EndProject
Project("{FAE04EC0-301F-11D3-BF4B-00C04F79EFBC}") = "MyPasswords.DAL", "MyPasswords.DAL\MyPasswords.DAL.csproj", "{954FD658-A992-4BEC-8211-A7901624B46B}"
EndProject
Global
	GlobalSection(SolutionConfigurationPlatforms) = preSolution
		Debug|Any CPU = Debug|Any CPU
		Release|Any CPU = Release|Any CPU
	EndGlobalSection
	GlobalSection(ProjectConfigurationPlatforms) = postSolution
		{88A4A46B-BA49-4522-9090-FAEE4C48527F}.Debug|Any CPU.ActiveCfg = Debug|Any CPU
		{88A4A46B-BA49-4522-9090-FAEE4C48527F}.Debug|Any CPU.Build.0 = Debug|Any CPU
		{88A4A46B-BA49-4522-9090-FAEE4C48527F}.Release|Any CPU.ActiveCfg = Release|Any CPU
		{88A4A46B-BA49-4522-9090-FAEE4C48527F}.Release|Any CPU.Build.0 = Release|Any CPU
		{954FD658-A992-4BEC-8211-A7901624B46B}.Debug|Any CPU.ActiveCfg = Debug|Any CPU
		{954FD658-A992-4BEC-8211-A7901624B46B}.Debug|Any CPU.Build.0 = Debug|Any CPU
		{954FD658-A992-4BEC-8211-A7901624B46B}.Release|Any CPU.ActiveCfg = Release|Any CPU
		{954FD658-A992-4BEC-8211-A7901624B46B}.Release|Any CPU.Build.0 = Release|Any CPU
	EndGlobalSection
	GlobalSection(SolutionProperties) = preSolution
		HideSolutionNode = FALSE
	EndGlobalSection
	GlobalSection(ExtensibilityGlobals) = postSolution
		SolutionGuid = {15A5154E-75D0-4FC3-9014-316B530592CE}
	EndGlobalSection
EndGlobal
